
Microsoft Visual Studio Solution File, Format Version 12.00
# Visual Studio Version 17
VisualStudioVersion = 17.4.33403.182
MinimumVisualStudioVersion = 10.0.40219.1
Project("{FAE04EC0-301F-11D3-BF4B-00C04F79EFBC}") = "battleship-sample", "battleship-sample.csproj", "{CDA6DB82-713D-421D-92AA-8DA27C21C3EA}"
EndProject
Global
	GlobalSection(SolutionConfigurationPlatforms) = preSolution
		Debug|Any CPU = Debug|Any CPU
		Release|Any CPU = Release|Any CPU
	EndGlobalSection
	GlobalSection(ProjectConfigurationPlatforms) = postSolution
		{CDA6DB82-713D-421D-92AA-8DA27C21C3EA}.Debug|Any CPU.ActiveCfg = Debug|Any CPU
		{CDA6DB82-713D-421D-92AA-8DA27C21C3EA}.Debug|Any CPU.Build.0 = Debug|Any CPU
		{CDA6DB82-713D-421D-92AA-8DA27C21C3EA}.Release|Any CPU.ActiveCfg = Release|Any CPU
		{CDA6DB82-713D-421D-92AA-8DA27C21C3EA}.Release|Any CPU.Build.0 = Release|Any CPU
	EndGlobalSection
	GlobalSection(SolutionProperties) = preSolution
		HideSolutionNode = FALSE
	EndGlobalSection
	GlobalSection(ExtensibilityGlobals) = postSolution
		SolutionGuid = {EE2DC0D0-20DC-48EC-A183-84C8160BFA04}
	EndGlobalSection
EndGlobal
